
Microsoft Visual Studio Solution File, Format Version 12.00
# Visual Studio Version 17
VisualStudioVersion = 17.9.34622.214
MinimumVisualStudioVersion = 10.0.40219.1
Project("{2150E333-8FDC-42A3-9474-1A3956D46DE8}") = "方案項目", "方案項目", "{DED912D2-DF61-4940-8BAE-7D488A2A249A}"
	ProjectSection(SolutionItems) = preProject
		BuildingNotes.txt = BuildingNotes.txt
		README.md = README.md
		TravelerPostgreSQL.sql = TravelerPostgreSQL.sql
	EndProjectSection
EndProject
Project("{9A19103F-16F7-4668-BE54-9A1E7A4F7556}") = "Boren.Traveler.Web", "Boren.Traveler.Web\Boren.Traveler.Web.csproj", "{23A08B22-6997-45F7-9FB2-CB0DF3CA525E}"
EndProject
Project("{9A19103F-16F7-4668-BE54-9A1E7A4F7556}") = "Boren.Traveler", "Boren.Traveler\Boren.Traveler.csproj", "{5E0885F8-5F90-4E68-8EDF-2436B6195692}"
EndProject
Project("{9A19103F-16F7-4668-BE54-9A1E7A4F7556}") = "Boren.Traveler.Data", "Boren.Traveler.Data\Boren.Traveler.Data.csproj", "{D880089D-9C0E-49AE-A2F4-60B19E049D13}"
EndProject
Global
	GlobalSection(SolutionConfigurationPlatforms) = preSolution
		Debug|Any CPU = Debug|Any CPU
		Release|Any CPU = Release|Any CPU
	EndGlobalSection
	GlobalSection(ProjectConfigurationPlatforms) = postSolution
		{23A08B22-6997-45F7-9FB2-CB0DF3CA525E}.Debug|Any CPU.ActiveCfg = Debug|Any CPU
		{23A08B22-6997-45F7-9FB2-CB0DF3CA525E}.Debug|Any CPU.Build.0 = Debug|Any CPU
		{23A08B22-6997-45F7-9FB2-CB0DF3CA525E}.Release|Any CPU.ActiveCfg = Release|Any CPU
		{23A08B22-6997-45F7-9FB2-CB0DF3CA525E}.Release|Any CPU.Build.0 = Release|Any CPU
		{5E0885F8-5F90-4E68-8EDF-2436B6195692}.Debug|Any CPU.ActiveCfg = Debug|Any CPU
		{5E0885F8-5F90-4E68-8EDF-2436B6195692}.Debug|Any CPU.Build.0 = Debug|Any CPU
		{5E0885F8-5F90-4E68-8EDF-2436B6195692}.Release|Any CPU.ActiveCfg = Release|Any CPU
		{5E0885F8-5F90-4E68-8EDF-2436B6195692}.Release|Any CPU.Build.0 = Release|Any CPU
		{D880089D-9C0E-49AE-A2F4-60B19E049D13}.Debug|Any CPU.ActiveCfg = Debug|Any CPU
		{D880089D-9C0E-49AE-A2F4-60B19E049D13}.Debug|Any CPU.Build.0 = Debug|Any CPU
		{D880089D-9C0E-49AE-A2F4-60B19E049D13}.Release|Any CPU.ActiveCfg = Release|Any CPU
		{D880089D-9C0E-49AE-A2F4-60B19E049D13}.Release|Any CPU.Build.0 = Release|Any CPU
	EndGlobalSection
	GlobalSection(SolutionProperties) = preSolution
		HideSolutionNode = FALSE
	EndGlobalSection
	GlobalSection(ExtensibilityGlobals) = postSolution
		SolutionGuid = {23C2B4A9-1008-4AC0-BFFA-CBE8B72417DC}
	EndGlobalSection
EndGlobal
